
Microsoft Visual Studio Solution File, Format Version 12.00
# Visual Studio 15
Project("{FAE04EC0-301F-11D3-BF4B-00C04F79EFBC}") = "fysapp.Android", "fysapp.Android\fysapp.Android.csproj", "{832B88B1-E92D-4DBC-A1EE-5BA3720A2CE0}"
EndProject
Project("{FAE04EC0-301F-11D3-BF4B-00C04F79EFBC}") = "fysapp.iOS", "fysapp.iOS\fysapp.iOS.csproj", "{4F5EE607-9C63-4D8A-A029-BEC71E2BB41B}"
EndProject
Project("{FAE04EC0-301F-11D3-BF4B-00C04F79EFBC}") = "fysapp", "fysapp\fysapp.csproj", "{D0CA8604-5330-4C5F-AA00-3DE86B8C5F39}"
EndProject
Global
	GlobalSection(SolutionConfigurationPlatforms) = preSolution
		Debug|Any CPU = Debug|Any CPU
		Release|Any CPU = Release|Any CPU
		Debug|iPhoneSimulator = Debug|iPhoneSimulator
		Release|iPhoneSimulator = Release|iPhoneSimulator
		Debug|iPhone = Debug|iPhone
		Release|iPhone = Release|iPhone
	EndGlobalSection
	GlobalSection(ProjectConfigurationPlatforms) = postSolution
		{832B88B1-E92D-4DBC-A1EE-5BA3720A2CE0}.Debug|Any CPU.ActiveCfg = Debug|Any CPU
		{832B88B1-E92D-4DBC-A1EE-5BA3720A2CE0}.Debug|Any CPU.Build.0 = Debug|Any CPU
		{832B88B1-E92D-4DBC-A1EE-5BA3720A2CE0}.Release|Any CPU.ActiveCfg = Release|Any CPU
		{832B88B1-E92D-4DBC-A1EE-5BA3720A2CE0}.Release|Any CPU.Build.0 = Release|Any CPU
		{832B88B1-E92D-4DBC-A1EE-5BA3720A2CE0}.Debug|iPhoneSimulator.ActiveCfg = Debug|Any CPU
		{832B88B1-E92D-4DBC-A1EE-5BA3720A2CE0}.Debug|iPhoneSimulator.Build.0 = Debug|Any CPU
		{832B88B1-E92D-4DBC-A1EE-5BA3720A2CE0}.Release|iPhoneSimulator.ActiveCfg = Release|Any CPU
		{832B88B1-E92D-4DBC-A1EE-5BA3720A2CE0}.Release|iPhoneSimulator.Build.0 = Release|Any CPU
		{832B88B1-E92D-4DBC-A1EE-5BA3720A2CE0}.Debug|iPhone.ActiveCfg = Debug|Any CPU
		{832B88B1-E92D-4DBC-A1EE-5BA3720A2CE0}.Debug|iPhone.Build.0 = Debug|Any CPU
		{832B88B1-E92D-4DBC-A1EE-5BA3720A2CE0}.Release|iPhone.ActiveCfg = Release|Any CPU
		{832B88B1-E92D-4DBC-A1EE-5BA3720A2CE0}.Release|iPhone.Build.0 = Release|Any CPU
		{4F5EE607-9C63-4D8A-A029-BEC71E2BB41B}.Debug|Any CPU.ActiveCfg = Debug|iPhoneSimulator
		{4F5EE607-9C63-4D8A-A029-BEC71E2BB41B}.Debug|Any CPU.Build.0 = Debug|iPhoneSimulator
		{4F5EE607-9C63-4D8A-A029-BEC71E2BB41B}.Release|Any CPU.ActiveCfg = Release|iPhoneSimulator
		{4F5EE607-9C63-4D8A-A029-BEC71E2BB41B}.Release|Any CPU.Build.0 = Release|iPhoneSimulator
		{4F5EE607-9C63-4D8A-A029-BEC71E2BB41B}.Debug|iPhoneSimulator.ActiveCfg = Debug|iPhoneSimulator
		{4F5EE607-9C63-4D8A-A029-BEC71E2BB41B}.Debug|iPhoneSimulator.Build.0 = Debug|iPhoneSimulator
		{4F5EE607-9C63-4D8A-A029-BEC71E2BB41B}.Release|iPhoneSimulator.ActiveCfg = Release|iPhoneSimulator
		{4F5EE607-9C63-4D8A-A029-BEC71E2BB41B}.Release|iPhoneSimulator.Build.0 = Release|iPhoneSimulator
		{4F5EE607-9C63-4D8A-A029-BEC71E2BB41B}.Debug|iPhone.ActiveCfg = Debug|iPhone
		{4F5EE607-9C63-4D8A-A029-BEC71E2BB41B}.Debug|iPhone.Build.0 = Debug|iPhone
		{4F5EE607-9C63-4D8A-A029-BEC71E2BB41B}.Release|iPhone.ActiveCfg = Release|iPhone
		{4F5EE607-9C63-4D8A-A029-BEC71E2BB41B}.Release|iPhone.Build.0 = Release|iPhone
		{D0CA8604-5330-4C5F-AA00-3DE86B8C5F39}.Debug|Any CPU.ActiveCfg = Debug|Any CPU
		{D0CA8604-5330-4C5F-AA00-3DE86B8C5F39}.Debug|Any CPU.Build.0 = Debug|Any CPU
		{D0CA8604-5330-4C5F-AA00-3DE86B8C5F39}.Release|Any CPU.ActiveCfg = Release|Any CPU
		{D0CA8604-5330-4C5F-AA00-3DE86B8C5F39}.Release|Any CPU.Build.0 = Release|Any CPU
		{D0CA8604-5330-4C5F-AA00-3DE86B8C5F39}.Debug|iPhoneSimulator.ActiveCfg = Debug|Any CPU
		{D0CA8604-5330-4C5F-AA00-3DE86B8C5F39}.Debug|iPhoneSimulator.Build.0 = Debug|Any CPU
		{D0CA8604-5330-4C5F-AA00-3DE86B8C5F39}.Release|iPhoneSimulator.ActiveCfg = Release|Any CPU
		{D0CA8604-5330-4C5F-AA00-3DE86B8C5F39}.Release|iPhoneSimulator.Build.0 = Release|Any CPU
		{D0CA8604-5330-4C5F-AA00-3DE86B8C5F39}.Debug|iPhone.ActiveCfg = Debug|Any CPU
		{D0CA8604-5330-4C5F-AA00-3DE86B8C5F39}.Debug|iPhone.Build.0 = Debug|Any CPU
		{D0CA8604-5330-4C5F-AA00-3DE86B8C5F39}.Release|iPhone.ActiveCfg = Release|Any CPU
		{D0CA8604-5330-4C5F-AA00-3DE86B8C5F39}.Release|iPhone.Build.0 = Release|Any CPU
	EndGlobalSection
EndGlobal
